
Microsoft Visual Studio Solution File, Format Version 12.00
Project("{FAE04EC0-301F-11D3-BF4B-00C04F79EFBC}") = "Kobalt.Bot", "src\Kobalt.Bot\Kobalt.Bot.csproj", "{89718D44-70D2-4AC6-BF7D-DCC47613169B}"
EndProject
Project("{FAE04EC0-301F-11D3-BF4B-00C04F79EFBC}") = "Kobalt.Infrastructure", "src\Kobalt.Infrastructure\Kobalt.Infrastructure.csproj", "{643992F7-88F3-4A6C-A464-6FE71836FBB5}"
EndProject
Project("{FAE04EC0-301F-11D3-BF4B-00C04F79EFBC}") = "Kobalt.Infractions.API", "src\Kobalt.InfractionAPI\Kobalt.Infractions.API\Kobalt.Infractions.API.csproj", "{EA1B77AF-B2AE-4F7A-BAC2-C477B3E689D3}"
EndProject
Project("{FAE04EC0-301F-11D3-BF4B-00C04F79EFBC}") = "Kobalt.Infractions.Data", "src\Kobalt.InfractionAPI\Kobalt.Infractions.Data\Kobalt.Infractions.Data.csproj", "{51FC3DE3-1A7B-4B13-B985-B3B29F4AF6DE}"
EndProject
Project("{2150E333-8FDC-42A3-9474-1A3956D46DE8}") = "Kobalt.InfractionAPI", "src\Kobalt.InfractionAPI", "{7650B8A1-CFA5-48CF-AB2F-7F8B379BDFA8}"
EndProject
Project("{FAE04EC0-301F-11D3-BF4B-00C04F79EFBC}") = "Kobalt.Infractions.Infrastructure", "src\Kobalt.InfractionAPI\Kobalt.Infractions.Infrastructure\Kobalt.Infractions.Infrastructure.csproj", "{36086C92-73BC-4183-9A22-3E2C1C4E0641}"
EndProject
Project("{FAE04EC0-301F-11D3-BF4B-00C04F79EFBC}") = "Kobalt.Infractions.Shared", "src\Kobalt.InfractionAPI\Kobalt.Infractions.Shared\Kobalt.Infractions.Shared.csproj", "{0517D1AA-9A52-4663-AE22-BB99F5555C0B}"
EndProject
Project("{FAE04EC0-301F-11D3-BF4B-00C04F79EFBC}") = "Kobalt.Artists.API", "src\Kobalt.Artists.API\Kobalt.Artists.API.csproj", "{CF64238F-6E83-484E-8F97-9F45CDD10976}"
EndProject
Project("{2150E333-8FDC-42A3-9474-1A3956D46DE8}") = "Kobalt.ArtistsAPI", "src\Kobalt.ArtistsAPI", "{6F235841-AFA1-4936-A74B-F8332DA5F0DB}"
EndProject
Project("{FAE04EC0-301F-11D3-BF4B-00C04F79EFBC}") = "Kobalt.Artists.Data", "src\Kobalt.Artists.Data\Kobalt.Artists.Data.csproj", "{3CC8E90A-060B-4606-9005-2DD164451D16}"
EndProject
Project("{2150E333-8FDC-42A3-9474-1A3956D46DE8}") = "Kobalt.ReminderService", "src\Kobalt.ReminderService", "{0891AAA9-9F46-4A88-BF0E-08ABBC3E2A07}"
EndProject
Project("{FAE04EC0-301F-11D3-BF4B-00C04F79EFBC}") = "Kobalt.ReminderService.API", "src\Kobalt.ReminderService.API\Kobalt.ReminderService.API.csproj", "{D6FA2154-0034-4EA0-9A99-5C987C6BB6F0}"
EndProject
Project("{FAE04EC0-301F-11D3-BF4B-00C04F79EFBC}") = "Kobalt.ReminderService.Data", "src\Kobalt.ReminderService.Data\Kobalt.ReminderService.Data.csproj", "{D3C60A45-1C24-41AC-8B84-E04B665EB11D}"
EndProject
Project("{2150E333-8FDC-42A3-9474-1A3956D46DE8}") = "src", "src", "{72288C49-3078-486C-9933-6E276A1C7837}"
EndProject
Global
	GlobalSection(SolutionConfigurationPlatforms) = preSolution
		Debug|Any CPU = Debug|Any CPU
		Release|Any CPU = Release|Any CPU
	EndGlobalSection
	GlobalSection(NestedProjects) = preSolution
		{EA1B77AF-B2AE-4F7A-BAC2-C477B3E689D3} = {7650B8A1-CFA5-48CF-AB2F-7F8B379BDFA8}
		{51FC3DE3-1A7B-4B13-B985-B3B29F4AF6DE} = {7650B8A1-CFA5-48CF-AB2F-7F8B379BDFA8}
		{36086C92-73BC-4183-9A22-3E2C1C4E0641} = {7650B8A1-CFA5-48CF-AB2F-7F8B379BDFA8}
		{0517D1AA-9A52-4663-AE22-BB99F5555C0B} = {7650B8A1-CFA5-48CF-AB2F-7F8B379BDFA8}
		{CF64238F-6E83-484E-8F97-9F45CDD10976} = {6F235841-AFA1-4936-A74B-F8332DA5F0DB}
		{3CC8E90A-060B-4606-9005-2DD164451D16} = {6F235841-AFA1-4936-A74B-F8332DA5F0DB}
		{D6FA2154-0034-4EA0-9A99-5C987C6BB6F0} = {0891AAA9-9F46-4A88-BF0E-08ABBC3E2A07}
		{D3C60A45-1C24-41AC-8B84-E04B665EB11D} = {0891AAA9-9F46-4A88-BF0E-08ABBC3E2A07}
		{6F235841-AFA1-4936-A74B-F8332DA5F0DB} = {72288C49-3078-486C-9933-6E276A1C7837}
		{7650B8A1-CFA5-48CF-AB2F-7F8B379BDFA8} = {72288C49-3078-486C-9933-6E276A1C7837}
		{0891AAA9-9F46-4A88-BF0E-08ABBC3E2A07} = {72288C49-3078-486C-9933-6E276A1C7837}
		{643992F7-88F3-4A6C-A464-6FE71836FBB5} = {72288C49-3078-486C-9933-6E276A1C7837}
		{89718D44-70D2-4AC6-BF7D-DCC47613169B} = {72288C49-3078-486C-9933-6E276A1C7837}
	EndGlobalSection
	GlobalSection(ProjectConfigurationPlatforms) = postSolution
		{89718D44-70D2-4AC6-BF7D-DCC47613169B}.Debug|Any CPU.ActiveCfg = Debug|Any CPU
		{CF64238F-6E83-484E-8F97-9F45CDD10976}.Debug|Any CPU.ActiveCfg = Debug|Any CPU
		{3CC8E90A-060B-4606-9005-2DD164451D16}.Debug|Any CPU.ActiveCfg = Debug|Any CPU
		{EA1B77AF-B2AE-4F7A-BAC2-C477B3E689D3}.Debug|Any CPU.ActiveCfg = Debug|Any CPU
		{51FC3DE3-1A7B-4B13-B985-B3B29F4AF6DE}.Debug|Any CPU.ActiveCfg = Debug|Any CPU
		{36086C92-73BC-4183-9A22-3E2C1C4E0641}.Debug|Any CPU.ActiveCfg = Debug|Any CPU
		{0517D1AA-9A52-4663-AE22-BB99F5555C0B}.Debug|Any CPU.ActiveCfg = Debug|Any CPU
		{643992F7-88F3-4A6C-A464-6FE71836FBB5}.Debug|Any CPU.ActiveCfg = Debug|Any CPU
		{D6FA2154-0034-4EA0-9A99-5C987C6BB6F0}.Debug|Any CPU.ActiveCfg = Debug|Any CPU
		{D3C60A45-1C24-41AC-8B84-E04B665EB11D}.Debug|Any CPU.ActiveCfg = Debug|Any CPU

	EndGlobalSection
EndGlobal
