
Microsoft Visual Studio Solution File, Format Version 12.00
Project("{FAE04EC0-301F-11D3-BF4B-00C04F79EFBC}") = "Kobalt.Infrastructure", "src\Kobalt\Kobalt.Infrastructure\Kobalt.Infrastructure.csproj", "{643992F7-88F3-4A6C-A464-6FE71836FBB5}"
EndProject
Project("{FAE04EC0-301F-11D3-BF4B-00C04F79EFBC}") = "Kobalt.Infractions.API", "src\InfractionsAPI\Kobalt.Infractions.API\Kobalt.Infractions.API.csproj", "{EA1B77AF-B2AE-4F7A-BAC2-C477B3E689D3}"
EndProject
Project("{FAE04EC0-301F-11D3-BF4B-00C04F79EFBC}") = "Kobalt.Infractions.Data", "src\InfractionsAPI\Kobalt.Infractions.Data\Kobalt.Infractions.Data.csproj", "{51FC3DE3-1A7B-4B13-B985-B3B29F4AF6DE}"
EndProject
Project("{2150E333-8FDC-42A3-9474-1A3956D46DE8}") = "InfractionsAPI", "InfractionsAPI", "{7650B8A1-CFA5-48CF-AB2F-7F8B379BDFA8}"
EndProject
Project("{FAE04EC0-301F-11D3-BF4B-00C04F79EFBC}") = "Kobalt.Infractions.Shared", "src\InfractionsAPI\Kobalt.Infractions.Shared\Kobalt.Infractions.Shared.csproj", "{0517D1AA-9A52-4663-AE22-BB99F5555C0B}"
EndProject
Project("{FAE04EC0-301F-11D3-BF4B-00C04F79EFBC}") = "Kobalt.Artists.API", "src\ArtistsAPI\Kobalt.Artists.API\Kobalt.Artists.API.csproj", "{CF64238F-6E83-484E-8F97-9F45CDD10976}"
EndProject
Project("{2150E333-8FDC-42A3-9474-1A3956D46DE8}") = "ArtistsAPI", "ArtistsAPI", "{6F235841-AFA1-4936-A74B-F8332DA5F0DB}"
EndProject
Project("{FAE04EC0-301F-11D3-BF4B-00C04F79EFBC}") = "Kobalt.Artists.Data", "src\ArtistsAPI\Kobalt.Artists.Data\Kobalt.Artists.Data.csproj", "{3CC8E90A-060B-4606-9005-2DD164451D16}"
EndProject
Project("{2150E333-8FDC-42A3-9474-1A3956D46DE8}") = "ReminderAPI", "ReminderAPI", "{0891AAA9-9F46-4A88-BF0E-08ABBC3E2A07}"
EndProject
Project("{FAE04EC0-301F-11D3-BF4B-00C04F79EFBC}") = "Kobalt.Reminders.API", "src\ReminderAPI\Kobalt.Reminders.API\Kobalt.Reminders.API.csproj", "{D6FA2154-0034-4EA0-9A99-5C987C6BB6F0}"
EndProject
Project("{FAE04EC0-301F-11D3-BF4B-00C04F79EFBC}") = "Kobalt.Reminders.Data", "src\ReminderAPI\Kobalt.Reminders.Data\Kobalt.Reminders.Data.csproj", "{D3C60A45-1C24-41AC-8B84-E04B665EB11D}"
EndProject
Project("{2150E333-8FDC-42A3-9474-1A3956D46DE8}") = "src", "src", "{72288C49-3078-486C-9933-6E276A1C7837}"
EndProject
Project("{FAE04EC0-301F-11D3-BF4B-00C04F79EFBC}") = "Kobalt.Shared", "src\Kobalt\Kobalt.Shared\Kobalt.Shared.csproj", "{5E2FC29A-6F3F-49A2-AF94-6ABC68BB35B4}"
EndProject
Project("{2150E333-8FDC-42A3-9474-1A3956D46DE8}") = "tests", "tests", "{2F0EFF5D-EE00-4BAB-914B-ECBDE53CEBC7}"
EndProject
Project("{FAE04EC0-301F-11D3-BF4B-00C04F79EFBC}") = "Kobalt.Infractions.API.Tests", "tests\Kobalt.Infractions.API.Tests\Kobalt.Infractions.API.Tests.csproj", "{52D6E4D9-C74E-47F6-B062-0499D3A6272C}"
EndProject
Project("{FAE04EC0-301F-11D3-BF4B-00C04F79EFBC}") = "Kobalt.Infractions.Data.Tests", "tests\Kobalt.Infractions.Data.Tests\Kobalt.Infractions.Data.Tests.csproj", "{88A0F328-E1E3-4894-B343-16AAAEE5EC8A}"
EndProject
Project("{2150E333-8FDC-42A3-9474-1A3956D46DE8}") = "Kobalt", "Kobalt", "{1730CE80-5D10-487B-96EB-6BDE64698E01}"
EndProject
Project("{FAE04EC0-301F-11D3-BF4B-00C04F79EFBC}") = "Kobalt.Plugins.Reminders", "src\Kobalt\Plugins\Reminders\Kobalt.Plugins.Reminders.csproj", "{6EABD48E-336C-463F-B291-A1241E929B43}"
EndProject
Project("{2150E333-8FDC-42A3-9474-1A3956D46DE8}") = "Plugins", "Plugins", "{543CB4DB-5FF0-41E4-B059-CBE278DAE3E3}"
EndProject
Project("{FAE04EC0-301F-11D3-BF4B-00C04F79EFBC}") = "Kobalt.Plugins.Core.Data", "src\Kobalt\Plugins\Core\Kobalt.Plugins.Core.Data\Kobalt.Plugins.Core.Data.csproj", "{15AD6BB5-32DB-401B-9C7B-4CA8A49A0443}"
EndProject
Project("{FAE04EC0-301F-11D3-BF4B-00C04F79EFBC}") = "Kobalt.Plugins.Core", "src\Kobalt\Plugins\Core\Kobalt.Plugins.Core\Kobalt.Plugins.Core.csproj", "{BC2ECFAA-4BAA-4EB3-B91D-C5882E806CC1}"
EndProject
Project("{2150E333-8FDC-42A3-9474-1A3956D46DE8}") = "Plugins", "Plugins", "{CAF1DA4C-50F4-4D16-9F6B-14F887254F57}"
EndProject
Project("{FAE04EC0-301F-11D3-BF4B-00C04F79EFBC}") = "Kobalt.Plugins.Core.Tests", "tests\Kobalt.Plugins.Core.Tests\Kobalt.Plugins.Core.Tests.csproj", "{CC67D259-07C9-48DC-9133-6A952AE3DAD2}"
EndProject
Project("{2150E333-8FDC-42A3-9474-1A3956D46DE8}") = "PhishingAPI", "PhishingAPI", "{E5114B53-19F8-4BEB-92B9-A5746FFE7BD4}"
EndProject
Project("{FAE04EC0-301F-11D3-BF4B-00C04F79EFBC}") = "Kobalt.Phishing.API", "src\PhishingAPI\Kobalt.Phishing.API\Kobalt.Phishing.API.csproj", "{A47FB272-AD7C-4641-98FF-23F052CE0ED6}"
EndProject
Project("{FAE04EC0-301F-11D3-BF4B-00C04F79EFBC}") = "Kobalt.Phishing.Shared", "src\PhishingAPI\Kobalt.Phishing.Shared\Kobalt.Phishing.Shared.csproj", "{7B4685DE-80BE-4017-A375-7740F8A16814}"
EndProject
Project("{FAE04EC0-301F-11D3-BF4B-00C04F79EFBC}") = "Kobalt.Phishing.Data", "src\PhishingAPI\Kobalt.Phishing.Data\Kobalt.Phishing.Data.csproj", "{C43F6E88-17EA-403C-8B57-55EF6FB33969}"
EndProject
Project("{FAE04EC0-301F-11D3-BF4B-00C04F79EFBC}") = "Kobalt.Core", "src\Kobalt\Kobalt.Core\Kobalt.Core.csproj", "{EA63E72B-EA2B-4131-8457-9FC8A6BB9E72}"
EndProject
Global
	GlobalSection(SolutionConfigurationPlatforms) = preSolution
		Debug|Any CPU = Debug|Any CPU
		Release|Any CPU = Release|Any CPU
	EndGlobalSection
	GlobalSection(NestedProjects) = preSolution
		{EA1B77AF-B2AE-4F7A-BAC2-C477B3E689D3} = {7650B8A1-CFA5-48CF-AB2F-7F8B379BDFA8}
		{51FC3DE3-1A7B-4B13-B985-B3B29F4AF6DE} = {7650B8A1-CFA5-48CF-AB2F-7F8B379BDFA8}
		{0517D1AA-9A52-4663-AE22-BB99F5555C0B} = {7650B8A1-CFA5-48CF-AB2F-7F8B379BDFA8}
		{CF64238F-6E83-484E-8F97-9F45CDD10976} = {6F235841-AFA1-4936-A74B-F8332DA5F0DB}
		{3CC8E90A-060B-4606-9005-2DD164451D16} = {6F235841-AFA1-4936-A74B-F8332DA5F0DB}
		{D6FA2154-0034-4EA0-9A99-5C987C6BB6F0} = {0891AAA9-9F46-4A88-BF0E-08ABBC3E2A07}
		{D3C60A45-1C24-41AC-8B84-E04B665EB11D} = {0891AAA9-9F46-4A88-BF0E-08ABBC3E2A07}
		{6F235841-AFA1-4936-A74B-F8332DA5F0DB} = {72288C49-3078-486C-9933-6E276A1C7837}
		{7650B8A1-CFA5-48CF-AB2F-7F8B379BDFA8} = {72288C49-3078-486C-9933-6E276A1C7837}
		{0891AAA9-9F46-4A88-BF0E-08ABBC3E2A07} = {72288C49-3078-486C-9933-6E276A1C7837}
		{52D6E4D9-C74E-47F6-B062-0499D3A6272C} = {2F0EFF5D-EE00-4BAB-914B-ECBDE53CEBC7}
		{88A0F328-E1E3-4894-B343-16AAAEE5EC8A} = {2F0EFF5D-EE00-4BAB-914B-ECBDE53CEBC7}
		{1730CE80-5D10-487B-96EB-6BDE64698E01} = {72288C49-3078-486C-9933-6E276A1C7837}
		{643992F7-88F3-4A6C-A464-6FE71836FBB5} = {1730CE80-5D10-487B-96EB-6BDE64698E01}
		{5E2FC29A-6F3F-49A2-AF94-6ABC68BB35B4} = {1730CE80-5D10-487B-96EB-6BDE64698E01}
		{543CB4DB-5FF0-41E4-B059-CBE278DAE3E3} = {1730CE80-5D10-487B-96EB-6BDE64698E01}
		{6EABD48E-336C-463F-B291-A1241E929B43} = {543CB4DB-5FF0-41E4-B059-CBE278DAE3E3}
		{BC2ECFAA-4BAA-4EB3-B91D-C5882E806CC1} = {543CB4DB-5FF0-41E4-B059-CBE278DAE3E3}
		{15AD6BB5-32DB-401B-9C7B-4CA8A49A0443} = {543CB4DB-5FF0-41E4-B059-CBE278DAE3E3}
		{CAF1DA4C-50F4-4D16-9F6B-14F887254F57} = {2F0EFF5D-EE00-4BAB-914B-ECBDE53CEBC7}
		{CC67D259-07C9-48DC-9133-6A952AE3DAD2} = {CAF1DA4C-50F4-4D16-9F6B-14F887254F57}
		{E5114B53-19F8-4BEB-92B9-A5746FFE7BD4} = {72288C49-3078-486C-9933-6E276A1C7837}
		{A47FB272-AD7C-4641-98FF-23F052CE0ED6} = {E5114B53-19F8-4BEB-92B9-A5746FFE7BD4}
		{7B4685DE-80BE-4017-A375-7740F8A16814} = {E5114B53-19F8-4BEB-92B9-A5746FFE7BD4}
		{C43F6E88-17EA-403C-8B57-55EF6FB33969} = {E5114B53-19F8-4BEB-92B9-A5746FFE7BD4}
		{EA63E72B-EA2B-4131-8457-9FC8A6BB9E72} = {1730CE80-5D10-487B-96EB-6BDE64698E01}
	EndGlobalSection
	GlobalSection(ProjectConfigurationPlatforms) = postSolution
		{CF64238F-6E83-484E-8F97-9F45CDD10976}.Debug|Any CPU.ActiveCfg = Debug|Any CPU
		{CF64238F-6E83-484E-8F97-9F45CDD10976}.Debug|Any CPU.Build.0 = Debug|Any CPU
		{3CC8E90A-060B-4606-9005-2DD164451D16}.Debug|Any CPU.ActiveCfg = Debug|Any CPU
		{3CC8E90A-060B-4606-9005-2DD164451D16}.Debug|Any CPU.Build.0 = Debug|Any CPU
		{EA1B77AF-B2AE-4F7A-BAC2-C477B3E689D3}.Debug|Any CPU.ActiveCfg = Debug|Any CPU
		{EA1B77AF-B2AE-4F7A-BAC2-C477B3E689D3}.Debug|Any CPU.Build.0 = Debug|Any CPU
		{51FC3DE3-1A7B-4B13-B985-B3B29F4AF6DE}.Debug|Any CPU.ActiveCfg = Debug|Any CPU
		{51FC3DE3-1A7B-4B13-B985-B3B29F4AF6DE}.Debug|Any CPU.Build.0 = Debug|Any CPU
		{0517D1AA-9A52-4663-AE22-BB99F5555C0B}.Debug|Any CPU.ActiveCfg = Debug|Any CPU
		{0517D1AA-9A52-4663-AE22-BB99F5555C0B}.Debug|Any CPU.Build.0 = Debug|Any CPU
		{643992F7-88F3-4A6C-A464-6FE71836FBB5}.Debug|Any CPU.ActiveCfg = Debug|Any CPU
		{643992F7-88F3-4A6C-A464-6FE71836FBB5}.Debug|Any CPU.Build.0 = Debug|Any CPU
		{D6FA2154-0034-4EA0-9A99-5C987C6BB6F0}.Debug|Any CPU.ActiveCfg = Debug|Any CPU
		{D6FA2154-0034-4EA0-9A99-5C987C6BB6F0}.Debug|Any CPU.Build.0 = Debug|Any CPU
		{D3C60A45-1C24-41AC-8B84-E04B665EB11D}.Debug|Any CPU.ActiveCfg = Debug|Any CPU
		{D3C60A45-1C24-41AC-8B84-E04B665EB11D}.Debug|Any CPU.Build.0 = Debug|Any CPU
		{5E2FC29A-6F3F-49A2-AF94-6ABC68BB35B4}.Debug|Any CPU.ActiveCfg = Debug|Any CPU
		{5E2FC29A-6F3F-49A2-AF94-6ABC68BB35B4}.Debug|Any CPU.Build.0 = Debug|Any CPU
		{5E2FC29A-6F3F-49A2-AF94-6ABC68BB35B4}.Release|Any CPU.ActiveCfg = Release|Any CPU
		{5E2FC29A-6F3F-49A2-AF94-6ABC68BB35B4}.Release|Any CPU.Build.0 = Release|Any CPU
		{52D6E4D9-C74E-47F6-B062-0499D3A6272C}.Debug|Any CPU.ActiveCfg = Debug|Any CPU
		{52D6E4D9-C74E-47F6-B062-0499D3A6272C}.Debug|Any CPU.Build.0 = Debug|Any CPU
		{52D6E4D9-C74E-47F6-B062-0499D3A6272C}.Release|Any CPU.ActiveCfg = Release|Any CPU
		{52D6E4D9-C74E-47F6-B062-0499D3A6272C}.Release|Any CPU.Build.0 = Release|Any CPU
		{88A0F328-E1E3-4894-B343-16AAAEE5EC8A}.Debug|Any CPU.ActiveCfg = Debug|Any CPU
		{88A0F328-E1E3-4894-B343-16AAAEE5EC8A}.Debug|Any CPU.Build.0 = Debug|Any CPU
		{88A0F328-E1E3-4894-B343-16AAAEE5EC8A}.Release|Any CPU.ActiveCfg = Release|Any CPU
		{88A0F328-E1E3-4894-B343-16AAAEE5EC8A}.Release|Any CPU.Build.0 = Release|Any CPU
		{6EABD48E-336C-463F-B291-A1241E929B43}.Debug|Any CPU.ActiveCfg = Debug|Any CPU
		{6EABD48E-336C-463F-B291-A1241E929B43}.Debug|Any CPU.Build.0 = Debug|Any CPU
		{6EABD48E-336C-463F-B291-A1241E929B43}.Release|Any CPU.ActiveCfg = Release|Any CPU
		{6EABD48E-336C-463F-B291-A1241E929B43}.Release|Any CPU.Build.0 = Release|Any CPU
		{15AD6BB5-32DB-401B-9C7B-4CA8A49A0443}.Debug|Any CPU.ActiveCfg = Debug|Any CPU
		{15AD6BB5-32DB-401B-9C7B-4CA8A49A0443}.Debug|Any CPU.Build.0 = Debug|Any CPU
		{15AD6BB5-32DB-401B-9C7B-4CA8A49A0443}.Release|Any CPU.ActiveCfg = Release|Any CPU
		{15AD6BB5-32DB-401B-9C7B-4CA8A49A0443}.Release|Any CPU.Build.0 = Release|Any CPU
		{BC2ECFAA-4BAA-4EB3-B91D-C5882E806CC1}.Debug|Any CPU.ActiveCfg = Debug|Any CPU
		{BC2ECFAA-4BAA-4EB3-B91D-C5882E806CC1}.Debug|Any CPU.Build.0 = Debug|Any CPU
		{BC2ECFAA-4BAA-4EB3-B91D-C5882E806CC1}.Release|Any CPU.ActiveCfg = Release|Any CPU
		{BC2ECFAA-4BAA-4EB3-B91D-C5882E806CC1}.Release|Any CPU.Build.0 = Release|Any CPU
		{CC67D259-07C9-48DC-9133-6A952AE3DAD2}.Debug|Any CPU.ActiveCfg = Debug|Any CPU
		{CC67D259-07C9-48DC-9133-6A952AE3DAD2}.Debug|Any CPU.Build.0 = Debug|Any CPU
		{CC67D259-07C9-48DC-9133-6A952AE3DAD2}.Release|Any CPU.ActiveCfg = Release|Any CPU
		{CC67D259-07C9-48DC-9133-6A952AE3DAD2}.Release|Any CPU.Build.0 = Release|Any CPU
		{A47FB272-AD7C-4641-98FF-23F052CE0ED6}.Debug|Any CPU.ActiveCfg = Debug|Any CPU
		{A47FB272-AD7C-4641-98FF-23F052CE0ED6}.Debug|Any CPU.Build.0 = Debug|Any CPU
		{A47FB272-AD7C-4641-98FF-23F052CE0ED6}.Release|Any CPU.ActiveCfg = Release|Any CPU
		{A47FB272-AD7C-4641-98FF-23F052CE0ED6}.Release|Any CPU.Build.0 = Release|Any CPU
		{7B4685DE-80BE-4017-A375-7740F8A16814}.Debug|Any CPU.ActiveCfg = Debug|Any CPU
		{7B4685DE-80BE-4017-A375-7740F8A16814}.Debug|Any CPU.Build.0 = Debug|Any CPU
		{7B4685DE-80BE-4017-A375-7740F8A16814}.Release|Any CPU.ActiveCfg = Release|Any CPU
		{7B4685DE-80BE-4017-A375-7740F8A16814}.Release|Any CPU.Build.0 = Release|Any CPU
		{C43F6E88-17EA-403C-8B57-55EF6FB33969}.Debug|Any CPU.ActiveCfg = Debug|Any CPU
		{C43F6E88-17EA-403C-8B57-55EF6FB33969}.Debug|Any CPU.Build.0 = Debug|Any CPU
		{C43F6E88-17EA-403C-8B57-55EF6FB33969}.Release|Any CPU.ActiveCfg = Release|Any CPU
		{C43F6E88-17EA-403C-8B57-55EF6FB33969}.Release|Any CPU.Build.0 = Release|Any CPU
		{EA63E72B-EA2B-4131-8457-9FC8A6BB9E72}.Debug|Any CPU.ActiveCfg = Debug|Any CPU
		{EA63E72B-EA2B-4131-8457-9FC8A6BB9E72}.Debug|Any CPU.Build.0 = Debug|Any CPU
		{EA63E72B-EA2B-4131-8457-9FC8A6BB9E72}.Release|Any CPU.ActiveCfg = Release|Any CPU
		{EA63E72B-EA2B-4131-8457-9FC8A6BB9E72}.Release|Any CPU.Build.0 = Release|Any CPU
	EndGlobalSection
EndGlobal
