
Microsoft Visual Studio Solution File, Format Version 12.00
Project("{FAE04EC0-301F-11D3-BF4B-00C04F79EFBC}") = "Kobalt.Bot", "Kobalt.Bot\Kobalt.Bot.csproj", "{89718D44-70D2-4AC6-BF7D-DCC47613169B}"
EndProject
Project("{FAE04EC0-301F-11D3-BF4B-00C04F79EFBC}") = "Kobalt.Infrastructure", "Kobalt.Infrastructure\Kobalt.Infrastructure.csproj", "{643992F7-88F3-4A6C-A464-6FE71836FBB5}"
EndProject
Project("{FAE04EC0-301F-11D3-BF4B-00C04F79EFBC}") = "Kobalt.ShardCoordinator", "Kobalt.ShardCoordinator\Kobalt.ShardCoordinator.csproj", "{5315FF37-C39F-4ECE-957B-B9A6C2E2C6D5}"
EndProject
Global
	GlobalSection(SolutionConfigurationPlatforms) = preSolution
		Debug|Any CPU = Debug|Any CPU
		Release|Any CPU = Release|Any CPU
	EndGlobalSection
	GlobalSection(ProjectConfigurationPlatforms) = postSolution
		{89718D44-70D2-4AC6-BF7D-DCC47613169B}.Debug|Any CPU.ActiveCfg = Debug|Any CPU
		{89718D44-70D2-4AC6-BF7D-DCC47613169B}.Debug|Any CPU.Build.0 = Debug|Any CPU
		{89718D44-70D2-4AC6-BF7D-DCC47613169B}.Release|Any CPU.ActiveCfg = Release|Any CPU
		{89718D44-70D2-4AC6-BF7D-DCC47613169B}.Release|Any CPU.Build.0 = Release|Any CPU
		{643992F7-88F3-4A6C-A464-6FE71836FBB5}.Debug|Any CPU.ActiveCfg = Debug|Any CPU
		{643992F7-88F3-4A6C-A464-6FE71836FBB5}.Debug|Any CPU.Build.0 = Debug|Any CPU
		{643992F7-88F3-4A6C-A464-6FE71836FBB5}.Release|Any CPU.ActiveCfg = Release|Any CPU
		{643992F7-88F3-4A6C-A464-6FE71836FBB5}.Release|Any CPU.Build.0 = Release|Any CPU
		{5315FF37-C39F-4ECE-957B-B9A6C2E2C6D5}.Debug|Any CPU.ActiveCfg = Debug|Any CPU
		{5315FF37-C39F-4ECE-957B-B9A6C2E2C6D5}.Debug|Any CPU.Build.0 = Debug|Any CPU
		{5315FF37-C39F-4ECE-957B-B9A6C2E2C6D5}.Release|Any CPU.ActiveCfg = Release|Any CPU
		{5315FF37-C39F-4ECE-957B-B9A6C2E2C6D5}.Release|Any CPU.Build.0 = Release|Any CPU
	EndGlobalSection
EndGlobal
